
Microsoft Visual Studio Solution File, Format Version 12.00
# Visual Studio Version 17
VisualStudioVersion = 17.10.34928.147
MinimumVisualStudioVersion = 10.0.40219.1
Project("{FAE04EC0-301F-11D3-BF4B-00C04F79EFBC}") = "AraçGalerisi", "AraçGalerisi\AraçGalerisi.csproj", "{5090474D-90FC-44FE-9B5F-65D1E2E03AAF}"
EndProject
Global
	GlobalSection(SolutionConfigurationPlatforms) = preSolution
		Debug|Any CPU = Debug|Any CPU
		Release|Any CPU = Release|Any CPU
	EndGlobalSection
	GlobalSection(ProjectConfigurationPlatforms) = postSolution
		{5090474D-90FC-44FE-9B5F-65D1E2E03AAF}.Debug|Any CPU.ActiveCfg = Debug|Any CPU
		{5090474D-90FC-44FE-9B5F-65D1E2E03AAF}.Debug|Any CPU.Build.0 = Debug|Any CPU
		{5090474D-90FC-44FE-9B5F-65D1E2E03AAF}.Release|Any CPU.ActiveCfg = Release|Any CPU
		{5090474D-90FC-44FE-9B5F-65D1E2E03AAF}.Release|Any CPU.Build.0 = Release|Any CPU
	EndGlobalSection
	GlobalSection(SolutionProperties) = preSolution
		HideSolutionNode = FALSE
	EndGlobalSection
	GlobalSection(ExtensibilityGlobals) = postSolution
		SolutionGuid = {8966F3E5-54E3-4273-8DE4-83C70831D391}
	EndGlobalSection
EndGlobal
